
Microsoft Visual Studio Solution File, Format Version 12.00
# Visual Studio Version 17
VisualStudioVersion = 17.9.34728.123
MinimumVisualStudioVersion = 10.0.40219.1
Project("{FAE04EC0-301F-11D3-BF4B-00C04F79EFBC}") = "Examen-Mvvmmm", "Examen-Mvvmmm\Examen-Mvvmmm.csproj", "{24401BF3-7A97-4569-A624-22CC5A11102F}"
EndProject
Global
	GlobalSection(SolutionConfigurationPlatforms) = preSolution
		Debug|Any CPU = Debug|Any CPU
		Release|Any CPU = Release|Any CPU
	EndGlobalSection
	GlobalSection(ProjectConfigurationPlatforms) = postSolution
		{24401BF3-7A97-4569-A624-22CC5A11102F}.Debug|Any CPU.ActiveCfg = Debug|Any CPU
		{24401BF3-7A97-4569-A624-22CC5A11102F}.Debug|Any CPU.Build.0 = Debug|Any CPU
		{24401BF3-7A97-4569-A624-22CC5A11102F}.Release|Any CPU.ActiveCfg = Release|Any CPU
		{24401BF3-7A97-4569-A624-22CC5A11102F}.Release|Any CPU.Build.0 = Release|Any CPU
	EndGlobalSection
	GlobalSection(SolutionProperties) = preSolution
		HideSolutionNode = FALSE
	EndGlobalSection
	GlobalSection(ExtensibilityGlobals) = postSolution
		SolutionGuid = {285B9563-E819-4712-90EC-D20908EF84E2}
	EndGlobalSection
EndGlobal
